
Microsoft Visual Studio Solution File, Format Version 12.00
# Visual Studio Version 17
VisualStudioVersion = 17.5.002.0
MinimumVisualStudioVersion = 10.0.40219.1
Project("{9A19103F-16F7-4668-BE54-9A1E7A4F7556}") = "Desafio4", "Desafio4.csproj", "{5532B1DB-631B-4D17-B281-CBBD45FD134D}"
EndProject
Global
	GlobalSection(SolutionConfigurationPlatforms) = preSolution
		Debug|Any CPU = Debug|Any CPU
		Release|Any CPU = Release|Any CPU
	EndGlobalSection
	GlobalSection(ProjectConfigurationPlatforms) = postSolution
		{5532B1DB-631B-4D17-B281-CBBD45FD134D}.Debug|Any CPU.ActiveCfg = Debug|Any CPU
		{5532B1DB-631B-4D17-B281-CBBD45FD134D}.Debug|Any CPU.Build.0 = Debug|Any CPU
		{5532B1DB-631B-4D17-B281-CBBD45FD134D}.Release|Any CPU.ActiveCfg = Release|Any CPU
		{5532B1DB-631B-4D17-B281-CBBD45FD134D}.Release|Any CPU.Build.0 = Release|Any CPU
	EndGlobalSection
	GlobalSection(SolutionProperties) = preSolution
		HideSolutionNode = FALSE
	EndGlobalSection
	GlobalSection(ExtensibilityGlobals) = postSolution
		SolutionGuid = {53D00A17-EA88-46C7-9DE9-B119AF02BD11}
	EndGlobalSection
EndGlobal
